PODS:
  - APParallaxHeader (0.1.6)
  - FontAwesomeKit (2.2.0):
    - FontAwesomeKit/Core (= 2.2.0)
    - FontAwesomeKit/FontAwesome (= 2.2.0)
    - FontAwesomeKit/FoundationIcons (= 2.2.0)
    - FontAwesomeKit/IonIcons (= 2.2.0)
    - FontAwesomeKit/Zocial (= 2.2.0)
  - FontAwesomeKit/Core (2.2.0)
  - FontAwesomeKit/FontAwesome (2.2.0):
    - FontAwesomeKit/Core
  - FontAwesomeKit/FoundationIcons (2.2.0):
    - FontAwesomeKit/Core
  - FontAwesomeKit/IonIcons (2.2.0):
    - FontAwesomeKit/Core
  - FontAwesomeKit/Zocial (2.2.0):
    - FontAwesomeKit/Core
  - SWTableViewCell (0.3.7)

DEPENDENCIES:
  - APParallaxHeader (~> 0.1)
  - FontAwesomeKit (~> 2.2)
  - SWTableViewCell (~> 0.3)

SPEC CHECKSUMS:
  APParallaxHeader: 854bc48a2487ca12c702f8a236fec0d89cdac5c3
  FontAwesomeKit: 025fd4dd1017fe4e3f8d47b03e024deedbb33cd4
  SWTableViewCell: 2a94aadc9d47b2b611fa064566bf57948b95b579

PODFILE CHECKSUM: 95e575a51769f59d206564dd06f8e27def4fc858

COCOAPODS: 1.0.1
